
Microsoft Visual Studio Solution File, Format Version 9.00
# Visual Studio 2005
Project("{FAE04EC0-301F-11D3-BF4B-00C04F79EFBC}") = "s100-tdm", "s100-tdm\s100-tdm.csproj", "{632B5A27-0AD4-4192-9F98-E07ED13E775B}"
EndProject
Global
	GlobalSection(SolutionConfigurationPlatforms) = preSolution
		Debug|Any CPU = Debug|Any CPU
		Release|Any CPU = Release|Any CPU
	EndGlobalSection
	GlobalSection(ProjectConfigurationPlatforms) = postSolution
		{632B5A27-0AD4-4192-9F98-E07ED13E775B}.Debug|Any CPU.ActiveCfg = Debug|Any CPU
		{632B5A27-0AD4-4192-9F98-E07ED13E775B}.Debug|Any CPU.Build.0 = Debug|Any CPU
		{632B5A27-0AD4-4192-9F98-E07ED13E775B}.Debug|Any CPU.Deploy.0 = Debug|Any CPU
		{632B5A27-0AD4-4192-9F98-E07ED13E775B}.Release|Any CPU.ActiveCfg = Release|Any CPU
		{632B5A27-0AD4-4192-9F98-E07ED13E775B}.Release|Any CPU.Build.0 = Release|Any CPU
		{632B5A27-0AD4-4192-9F98-E07ED13E775B}.Release|Any CPU.Deploy.0 = Release|Any CPU
	EndGlobalSection
	GlobalSection(SolutionProperties) = preSolution
		HideSolutionNode = FALSE
	EndGlobalSection
EndGlobal
